# THIS IS AN AUTOGENERATED FILE. DO NOT EDIT THIS FILE DIRECTLY.
# yarn lockfile v1


"@pixi/accessibility@5.3.2":
  version "5.3.2"
  resolved "https://registry.yarnpkg.com/@pixi/accessibility/-/accessibility-5.3.2.tgz#d722095128e5a4ae794ef2d9c833afeda087067b"
  integrity sha512-L56/Yr/gXyjs5Pgww6djg+nzBcMhi0ywmdXVZ2NEvlIk8spZwZHp9xb3t1xQvl7nXkIcdEvwBDBtgAPrwPJTRg==
  dependencies:
    "@pixi/core" "5.3.2"
    "@pixi/display" "5.3.2"
    "@pixi/utils" "5.3.2"

"@pixi/app@5.3.2":
  version "5.3.2"
  resolved "https://registry.yarnpkg.com/@pixi/app/-/app-5.3.2.tgz#f5bce8ab70095c6b35966c0566ded174a8f5551c"
  integrity sha512-jsLVe01q0QvxWv1dJql1lgl+vMqVb5YCbgxlbGHKkV3hYGmWaOd1fd31U+IMfiLgy5CgrRyoORjGuUf+HhYP3g==
  dependencies:
    "@pixi/core" "5.3.2"
    "@pixi/display" "5.3.2"

"@pixi/constants@5.3.2":
  version "5.3.2"
  resolved "https://registry.yarnpkg.com/@pixi/constants/-/constants-5.3.2.tgz#c2c3b15337f11c3ec14fb4892ac09b69dcb89c30"
  integrity sha512-wJGPCNHF8LyWIStUujLlEg63Gkt7NzOO7E3O0jWYuikmYvBzi4dYWTGg9Ws9OULPwSbM9/Cu9l1zjJUWMCytYg==

"@pixi/core@5.3.2":
  version "5.3.2"
  resolved "https://registry.yarnpkg.com/@pixi/core/-/core-5.3.2.tgz#5e0728f020b4879141ffc9399032ad47f9c6dcde"
  integrity sha512-BMd8gag7bcXWASfAkMER9lP43/5jVrjM+DhnqKv/KBK/G4wtSr+LJZJqBcNr6tox3Lquh8P5oGtVu0tAuHOXHA==
  dependencies:
    "@pixi/constants" "5.3.2"
    "@pixi/math" "5.3.2"
    "@pixi/runner" "5.3.2"
    "@pixi/settings" "5.3.2"
    "@pixi/ticker" "5.3.2"
    "@pixi/utils" "5.3.2"

"@pixi/display@5.3.2":
  version "5.3.2"
  resolved "https://registry.yarnpkg.com/@pixi/display/-/display-5.3.2.tgz#3e7e2bfbf63ec749631dbcb1e6ee5bbe1139fda8"
  integrity sha512-a/VnecfB6Pt9shOuZ19cUBO+6+esG/DUGacwHdkO9czue1h8kmD01vrXai6vXwVGj8bmGi/Pm8Zq7tSLO/hWLw==
  dependencies:
    "@pixi/math" "5.3.2"
    "@pixi/settings" "5.3.2"
    "@pixi/utils" "5.3.2"

"@pixi/extract@5.3.2":
  version "5.3.2"
  resolved "https://registry.yarnpkg.com/@pixi/extract/-/extract-5.3.2.tgz#70182495183d6af60d977ff5eefcfb36b3157b5d"
  integrity sha512-JPjOQ0eSfugiOdXmR7lPt1w2JdgBYzzdKqnAG5j2kWnfi7UDViyUKWbLRlns6POhyK4Qmw7Iulqy0M71HCzYxw==
  dependencies:
    "@pixi/core" "5.3.2"
    "@pixi/math" "5.3.2"
    "@pixi/utils" "5.3.2"

"@pixi/filter-alpha@5.3.2":
  version "5.3.2"
  resolved "https://registry.yarnpkg.com/@pixi/filter-alpha/-/filter-alpha-5.3.2.tgz#bc7c759a8e28cd164c166dd6df2add14abed0e42"
  integrity sha512-TzLvngPA6jUXQ071GJzC6Pz37tBxuBgzhdw+lUqrVuf0AdSbz3tXrb9+rPmTI4F1JtYPI8SaTwwOmPhiZ0BAqw==
  dependencies:
    "@pixi/core" "5.3.2"

"@pixi/filter-blur@5.3.2":
  version "5.3.2"
  resolved "https://registry.yarnpkg.com/@pixi/filter-blur/-/filter-blur-5.3.2.tgz#f851391e15f0a663af699b24d9a0e29fe3ad0fc1"
  integrity sha512-Lzb2TMAPA1ODoRbQOrb7R0TJDy+dEC9rZo44/xbR4zfk7Ewu0LWpSumKcsLnZcB31oc/fwhdaJK00qqdaGwelQ==
  dependencies:
    "@pixi/core" "5.3.2"
    "@pixi/settings" "5.3.2"

"@pixi/filter-color-matrix@5.3.2":
  version "5.3.2"
  resolved "https://registry.yarnpkg.com/@pixi/filter-color-matrix/-/filter-color-matrix-5.3.2.tgz#085bfc144a598e6d4d39193484bf37ae0d3596a4"
  integrity sha512-dESNx44C/27IXfkIYQnxfgQbqlWrhVkaM9lprYQH8Ou57QE+uoJ4dwrYaUCanVVjRSHbDNg8uXxZozjFb9NkLw==
  dependencies:
    "@pixi/core" "5.3.2"

"@pixi/filter-displacement@5.3.2":
  version "5.3.2"
  resolved "https://registry.yarnpkg.com/@pixi/filter-displacement/-/filter-displacement-5.3.2.tgz#09f11ae5f88a306fc9f32f0dc6260604dab82d0d"
  integrity sha512-mo6N/99dgfkDKcHo2K2Kck/DOel1YWiTd6vdI0WZ7iJbBHAf8exU3dUnePjM+Z3Xj05W7YzL9S2nHupPuTC1bA==
  dependencies:
    "@pixi/core" "5.3.2"
    "@pixi/math" "5.3.2"

"@pixi/filter-fxaa@5.3.2":
  version "5.3.2"
  resolved "https://registry.yarnpkg.com/@pixi/filter-fxaa/-/filter-fxaa-5.3.2.tgz#d1307872972a750c20ba100517faefc072c6568b"
  integrity sha512-uZTi402jTgj01QiKNZ+kTuoFzu7qn4fXmKVlMBHA493TUE7l+8ffPjdsIdJXZL6QQ5s9PAJ9Coaxl9cM/1oDOA==
  dependencies:
    "@pixi/core" "5.3.2"

"@pixi/filter-noise@5.3.2":
  version "5.3.2"
  resolved "https://registry.yarnpkg.com/@pixi/filter-noise/-/filter-noise-5.3.2.tgz#f1dcd72686a51b662cb556f47c90fdbfca68c65b"
  integrity sha512-DmbggbTuo6Sa/HTA3JxezgW32UsZYvTnp2pcM7Nf3EqebD0+ahpVK6CtiZM9js7NMtUttfJgOCGYy8AZ6SjDfg==
  dependencies:
    "@pixi/core" "5.3.2"

"@pixi/graphics@5.3.2":
  version "5.3.2"
  resolved "https://registry.yarnpkg.com/@pixi/graphics/-/graphics-5.3.2.tgz#c18e55658a4189b5f761faa43de399800615bc73"
  integrity sha512-K3F8qVDHqnK7X1WoP87h8QtK7nLi5EiJA044L0nObho1PUSbVi6mzJqBBWtcFnGraHGT5IgbFEDB3PXnXnY4mA==
  dependencies:
    "@pixi/constants" "5.3.2"
    "@pixi/core" "5.3.2"
    "@pixi/display" "5.3.2"
    "@pixi/math" "5.3.2"
    "@pixi/sprite" "5.3.2"
    "@pixi/utils" "5.3.2"

"@pixi/interaction@5.3.2":
  version "5.3.2"
  resolved "https://registry.yarnpkg.com/@pixi/interaction/-/interaction-5.3.2.tgz#a8f2857fdce76ff8aabd9bf7d466b148f933335a"
  integrity sha512-fOFfNQUBJ0vCRq5dmrunIt3W63QnP3z8qvILnDNX2oP8SotCEtTuZreHeGKEVBQhrMCi5hoJgDCA9R8ca2o6AQ==
  dependencies:
    "@pixi/core" "5.3.2"
    "@pixi/display" "5.3.2"
    "@pixi/math" "5.3.2"
    "@pixi/ticker" "5.3.2"
    "@pixi/utils" "5.3.2"

"@pixi/loaders@5.3.2":
  version "5.3.2"
  resolved "https://registry.yarnpkg.com/@pixi/loaders/-/loaders-5.3.2.tgz#dadb5c5c9f5a0ee1c6ffe88fd6c5a5840a453490"
  integrity sha512-w8wBdI587g7SLIAXNtncEAZxgohekGrP9rS44q1aotfo1ongiftTy77lYLWGSpYfyyWXcY+v6R1Qc40buNrGVA==
  dependencies:
    "@pixi/core" "5.3.2"
    "@pixi/utils" "5.3.2"
    resource-loader "^3.0.1"

"@pixi/math@5.3.2":
  version "5.3.2"
  resolved "https://registry.yarnpkg.com/@pixi/math/-/math-5.3.2.tgz#a5f3b4f598794752e4783b1c1880f8fbbb305f57"
  integrity sha512-vddmG9pn6sfTs2V5BLn/1Jvk+6jReaHNdxZG5HzgvEMvFTTBB8VbfMg+Lg1GocWt198nnoq8NyP7O+PaqQPlig==

"@pixi/mesh-extras@5.3.2":
  version "5.3.2"
  resolved "https://registry.yarnpkg.com/@pixi/mesh-extras/-/mesh-extras-5.3.2.tgz#3e73fdd789ade7fc63d6b0ecaf027fdebf23c920"
  integrity sha512-K3JSGA9vvSMFBB68hvmYolf9tg5ZFc3cVDODGdz5c+aoC5hR8neJeCRtJCbZ820vLM/hknaqz0nOAG8aJAm5yQ==
  dependencies:
    "@pixi/constants" "5.3.2"
    "@pixi/core" "5.3.2"
    "@pixi/math" "5.3.2"
    "@pixi/mesh" "5.3.2"
    "@pixi/utils" "5.3.2"

"@pixi/mesh@5.3.2":
  version "5.3.2"
  resolved "https://registry.yarnpkg.com/@pixi/mesh/-/mesh-5.3.2.tgz#1a113df8cae269d6b6d1841053dd7afad5de5bc6"
  integrity sha512-tz4FaaxCYTidOjobGEIBoNiHCeHt9G8T9j0hJqCO4HmYWEu22eMwrrudv0Q8lEJYT743AJEk8XFn4v8wWrEFQA==
  dependencies:
    "@pixi/constants" "5.3.2"
    "@pixi/core" "5.3.2"
    "@pixi/display" "5.3.2"
    "@pixi/math" "5.3.2"
    "@pixi/settings" "5.3.2"
    "@pixi/utils" "5.3.2"

"@pixi/mixin-cache-as-bitmap@5.3.2":
  version "5.3.2"
  resolved "https://registry.yarnpkg.com/@pixi/mixin-cache-as-bitmap/-/mixin-cache-as-bitmap-5.3.2.tgz#6d21d156dcfc495f7f03ff849709ddbaffca0603"
  integrity sha512-MST8irfUjFbbFLzCqkUbLcBusI24iQE2Wbu/nx3RNJ5Fd7b661YCYqFM6TZ/y4LHqmEKcWrPK/6PAAicX9Teeg==
  dependencies:
    "@pixi/core" "5.3.2"
    "@pixi/display" "5.3.2"
    "@pixi/math" "5.3.2"
    "@pixi/settings" "5.3.2"
    "@pixi/sprite" "5.3.2"
    "@pixi/utils" "5.3.2"

"@pixi/mixin-get-child-by-name@5.3.2":
  version "5.3.2"
  resolved "https://registry.yarnpkg.com/@pixi/mixin-get-child-by-name/-/mixin-get-child-by-name-5.3.2.tgz#1556774e8cde29a3d68e5a8a17624d89c371dd40"
  integrity sha512-i21BtVtYu71nKMShfRnCf1VXaPCAGV2Cm203lp3SxkVyFvyHl4ex1bpzhKK0la4X7UK6gQIV8XHUAGqT4mzAiw==
  dependencies:
    "@pixi/display" "5.3.2"

"@pixi/mixin-get-global-position@5.3.2":
  version "5.3.2"
  resolved "https://registry.yarnpkg.com/@pixi/mixin-get-global-position/-/mixin-get-global-position-5.3.2.tgz#481bf9c099a538382ef6b4cc801380e0ef5a0ac0"
  integrity sha512-IhdjMiGlYwabYpYs5GpOVKUCWYiz1ejK2Cj8Sddjzgb5T1puSOwvxnziolZeLodfshw+NX7FINeHwx6bbUV3cA==
  dependencies:
    "@pixi/display" "5.3.2"
    "@pixi/math" "5.3.2"

"@pixi/particles@5.3.2":
  version "5.3.2"
  resolved "https://registry.yarnpkg.com/@pixi/particles/-/particles-5.3.2.tgz#0b7956cbf07517b625404fb19efecdfd0f4001b1"
  integrity sha512-RiFJ7ORTGIVHdboXUEJCLP1sS7lmTumv7QJBj5xYxM/RwRb0d2SrU+U3XcfNCXC3VVk48EiDBo4DdfQR1oPYLA==
  dependencies:
    "@pixi/constants" "5.3.2"
    "@pixi/core" "5.3.2"
    "@pixi/display" "5.3.2"
    "@pixi/math" "5.3.2"
    "@pixi/utils" "5.3.2"

"@pixi/polyfill@5.3.2":
  version "5.3.2"
  resolved "https://registry.yarnpkg.com/@pixi/polyfill/-/polyfill-5.3.2.tgz#2fb6f1ec218403d0727d19bab22c3d6df7ddaba8"
  integrity sha512-KXRlW1KEPfbxdrgxggFblSu7Nm7BTm9AH9kIO4+zGcyFsX1fVuq/PMlX60oekZTeJkpGlrJqQ219dW4kgG4spg==
  dependencies:
    es6-promise-polyfill "^1.2.0"
    object-assign "^4.1.1"

"@pixi/prepare@5.3.2":
  version "5.3.2"
  resolved "https://registry.yarnpkg.com/@pixi/prepare/-/prepare-5.3.2.tgz#328a09da3c9f124ca2779c51cf99e026dd29b064"
  integrity sha512-ffNLm3zVWDd2YCvJcKgCLgi1xokMXqkUUhBzoulIS3BRiHuda9RE0gDzVP3twj9jPx6HZmewSu2Qp7m8L6TfcA==
  dependencies:
    "@pixi/core" "5.3.2"
    "@pixi/display" "5.3.2"
    "@pixi/graphics" "5.3.2"
    "@pixi/settings" "5.3.2"
    "@pixi/text" "5.3.2"
    "@pixi/ticker" "5.3.2"

"@pixi/runner@5.3.2":
  version "5.3.2"
  resolved "https://registry.yarnpkg.com/@pixi/runner/-/runner-5.3.2.tgz#d6243d0913cb2396f61757d0bc3eae7c7313ccc4"
  integrity sha512-otRRrob5ooExmvEI2m1WtIpPuAqaN2a2qofyVI9LOKqWIbzgdG4URQI3LmpUHOxyHZLPCJxxBEf+rf8Yxn/xnQ==

"@pixi/settings@5.3.2":
  version "5.3.2"
  resolved "https://registry.yarnpkg.com/@pixi/settings/-/settings-5.3.2.tgz#a6f8c3ecf81bd3acf3952cba18ccbea436f83a0c"
  integrity sha512-XuLyLBtvDu7UspzI9PmMtyfTh8F7pihC9NLaVv2VV8wyAeLO7wdjZN8JrIMiuqibzd7bJ93yoK1Xz0CsGfKz9g==
  dependencies:
    ismobilejs "^1.1.0"

"@pixi/sprite-animated@5.3.2":
  version "5.3.2"
  resolved "https://registry.yarnpkg.com/@pixi/sprite-animated/-/sprite-animated-5.3.2.tgz#39765684eec5738114e198cc3453a294389c956d"
  integrity sha512-TO+Vi2KAL5EAUygmxjV6vKImCV6FTMNErC44/3VCzHSylW/ZBChk0zuImQOG8qB0+gFcSSWRZEIhP34hS6dMhQ==
  dependencies:
    "@pixi/core" "5.3.2"
    "@pixi/sprite" "5.3.2"
    "@pixi/ticker" "5.3.2"

"@pixi/sprite-tiling@5.3.2":
  version "5.3.2"
  resolved "https://registry.yarnpkg.com/@pixi/sprite-tiling/-/sprite-tiling-5.3.2.tgz#782b5be75b65df355b46532df1a3cc51b4552b14"
  integrity sha512-lS+xNjF43mLxo/bsJpRH9iIYdrSRzQ54vH1Yss9X/p2O57ISwBFaIzfYJAKFkQLumGLEeUg9hj7qcfJJRMOOYA==
  dependencies:
    "@pixi/constants" "5.3.2"
    "@pixi/core" "5.3.2"
    "@pixi/display" "5.3.2"
    "@pixi/math" "5.3.2"
    "@pixi/sprite" "5.3.2"
    "@pixi/utils" "5.3.2"

"@pixi/sprite@5.3.2":
  version "5.3.2"
  resolved "https://registry.yarnpkg.com/@pixi/sprite/-/sprite-5.3.2.tgz#dda4bfc517eab049a338dd9f30a7ca4de5781e66"
  integrity sha512-DKacTS+TzCDptW4N7jkL+2m7Xz3IeEv0C3JDffJaFk9R4WR7iUzNkXF2tUQfci5aBKobK0djFh7iFORPB6r0tg==
  dependencies:
    "@pixi/constants" "5.3.2"
    "@pixi/core" "5.3.2"
    "@pixi/display" "5.3.2"
    "@pixi/math" "5.3.2"
    "@pixi/settings" "5.3.2"
    "@pixi/utils" "5.3.2"

"@pixi/spritesheet@5.3.2":
  version "5.3.2"
  resolved "https://registry.yarnpkg.com/@pixi/spritesheet/-/spritesheet-5.3.2.tgz#d2470d4d0066886d0144c3379fcac2c419743c09"
  integrity sha512-FgOKJW0d/4wYCEJTyAfHRSZ972gZ50QtUTyy1GQIYKkZAwiLVnXkpVj7jBumaL9BbOt8AyCWIXsMk47C1DLcpg==
  dependencies:
    "@pixi/core" "5.3.2"
    "@pixi/loaders" "5.3.2"
    "@pixi/math" "5.3.2"
    "@pixi/utils" "5.3.2"

"@pixi/text-bitmap@5.3.2":
  version "5.3.2"
  resolved "https://registry.yarnpkg.com/@pixi/text-bitmap/-/text-bitmap-5.3.2.tgz#259bfe9222c0cd5dabb29a0a7ae2e0b24d33497e"
  integrity sha512-dbHzkjPp2BcbtK3fKlouJ2DanSOj1VWuutDIM1wTNqu9WsjjrT8n6STEQ2qn0Uzna0xypBaEKbin4o2dtTonWg==
  dependencies:
    "@pixi/core" "5.3.2"
    "@pixi/display" "5.3.2"
    "@pixi/loaders" "5.3.2"
    "@pixi/math" "5.3.2"
    "@pixi/mesh" "5.3.2"
    "@pixi/settings" "5.3.2"
    "@pixi/text" "5.3.2"
    "@pixi/utils" "5.3.2"

"@pixi/text@5.3.2":
  version "5.3.2"
  resolved "https://registry.yarnpkg.com/@pixi/text/-/text-5.3.2.tgz#13c8e174cfcd7d43d7312ac22a2e269e3e95ddf2"
  integrity sha512-NGGxN4LbkUqhQ0j19WwCjE3ELFPZBlDX8U85Z1xZbK1pOcI/k6k8h30+vsI4PRUMfNYo5s1NiOgEoZqflEMuog==
  dependencies:
    "@pixi/core" "5.3.2"
    "@pixi/math" "5.3.2"
    "@pixi/settings" "5.3.2"
    "@pixi/sprite" "5.3.2"
    "@pixi/utils" "5.3.2"

"@pixi/ticker@5.3.2":
  version "5.3.2"
  resolved "https://registry.yarnpkg.com/@pixi/ticker/-/ticker-5.3.2.tgz#8c714d144e10dccee15b7542eed53a894868e899"
  integrity sha512-5fc3A3XZbHpX8ho07ryTz5sLHx29ZlhRppmkR/fyzN8MTTFwERxyNjfb8SOfsm2xMmf3mQdjdWjZ0ClbhSSjzQ==
  dependencies:
    "@pixi/settings" "5.3.2"

"@pixi/utils@5.3.2":
  version "5.3.2"
  resolved "https://registry.yarnpkg.com/@pixi/utils/-/utils-5.3.2.tgz#643657780e204dbe2c072350627ffcc13b7b2b18"
  integrity sha512-/xt+05/U0ucvwSNZv+jT+/U+RYS+JCZu6r9tInQfIngZtKlemZbHinW9V641YqFVsfsLrsqZalL9hnhtJhXVHA==
  dependencies:
    "@pixi/constants" "5.3.2"
    "@pixi/settings" "5.3.2"
    earcut "^2.1.5"
    eventemitter3 "^3.1.0"
    url "^0.11.0"

earcut@^2.1.5:
  version "2.2.2"
  resolved "https://registry.yarnpkg.com/earcut/-/earcut-2.2.2.tgz#41b0bc35f63e0fe80da7cddff28511e7e2e80d11"
  integrity sha512-eZoZPPJcUHnfRZ0PjLvx2qBordSiO8ofC3vt+qACLM95u+4DovnbYNpQtJh0DNsWj8RnxrQytD4WA8gj5cRIaQ==

es6-promise-polyfill@^1.2.0:
  version "1.2.0"
  resolved "https://registry.yarnpkg.com/es6-promise-polyfill/-/es6-promise-polyfill-1.2.0.tgz#f38925f23cb3e3e8ce6cda8ff774fcebbb090cde"
  integrity sha1-84kl8jyz4+jObNqP93T867sJDN4=

eventemitter3@^3.1.0:
  version "3.1.2"
  resolved "https://registry.yarnpkg.com/eventemitter3/-/eventemitter3-3.1.2.tgz#2d3d48f9c346698fce83a85d7d664e98535df6e7"
  integrity sha512-tvtQIeLVHjDkJYnzf2dgVMxfuSGJeM/7UCG17TT4EumTfNtF+0nebF/4zWOIkCreAbtNqhGEboB6BWrwqNaw4Q==

ismobilejs@^1.1.0:
  version "1.1.1"
  resolved "https://registry.yarnpkg.com/ismobilejs/-/ismobilejs-1.1.1.tgz#c56ca0ae8e52b24ca0f22ba5ef3215a2ddbbaa0e"
  integrity sha512-VaFW53yt8QO61k2WJui0dHf4SlL8lxBofUuUmwBo0ljPk0Drz2TiuDW4jo3wDcv41qy/SxrJ+VAzJ/qYqsmzRw==

"js-tokens@^3.0.0 || ^4.0.0":
  version "4.0.0"
  resolved "https://registry.yarnpkg.com/js-tokens/-/js-tokens-4.0.0.tgz#19203fb59991df98e3a287050d4647cdeaf32499"
  integrity sha512-RdJUflcE3cUzKiMqQgsCu06FPu9UdIJO0beYbPhHN4k6apgJtifcoCtT9bcxOpYBtpD2kCM6Sbzg4CausW/PKQ==

loose-envify@^1.1.0, loose-envify@^1.4.0:
  version "1.4.0"
  resolved "https://registry.yarnpkg.com/loose-envify/-/loose-envify-1.4.0.tgz#71ee51fa7be4caec1a63839f7e682d8132d30caf"
  integrity sha512-lyuxPGr/Wfhrlem2CL/UcnUc1zcqKAImBDzukY7Y5F/yQiNdko6+fRLevlw1HgMySw7f611UIY408EtxRSoK3Q==
  dependencies:
    js-tokens "^3.0.0 || ^4.0.0"

mini-signals@^1.2.0:
  version "1.2.0"
  resolved "https://registry.yarnpkg.com/mini-signals/-/mini-signals-1.2.0.tgz#45b08013c5fae51a24aa1a935cd317c9ed721d74"
  integrity sha1-RbCAE8X65RokqhqTXNMXye1yHXQ=

object-assign@^4.1.1:
  version "4.1.1"
  resolved "https://registry.yarnpkg.com/object-assign/-/object-assign-4.1.1.tgz#2109adc7965887cfc05cbbd442cac8bfbb360863"
  integrity sha1-IQmtx5ZYh8/AXLvUQsrIv7s2CGM=

parse-uri@^1.0.0:
  version "1.0.0"
  resolved "https://registry.yarnpkg.com/parse-uri/-/parse-uri-1.0.0.tgz#2872dcc22f1a797acde1583d8a0ac29552ddac20"
  integrity sha1-KHLcwi8aeXrN4Vg9igrClVLdrCA=

pixi.js@^5.3.2:
  version "5.3.2"
  resolved "https://registry.yarnpkg.com/pixi.js/-/pixi.js-5.3.2.tgz#3df3d0f9822eec0ba39f129c58867cd1e156aade"
  integrity sha512-j0lqv/njYveGJgWgtLW2BjuiGtWyPKAVq5aFs3lxWcEnxmVk7OX2BI3jRlkYB3v+gBXm2SPzQswblMsShHvyLQ==
  dependencies:
    "@pixi/accessibility" "5.3.2"
    "@pixi/app" "5.3.2"
    "@pixi/constants" "5.3.2"
    "@pixi/core" "5.3.2"
    "@pixi/display" "5.3.2"
    "@pixi/extract" "5.3.2"
    "@pixi/filter-alpha" "5.3.2"
    "@pixi/filter-blur" "5.3.2"
    "@pixi/filter-color-matrix" "5.3.2"
    "@pixi/filter-displacement" "5.3.2"
    "@pixi/filter-fxaa" "5.3.2"
    "@pixi/filter-noise" "5.3.2"
    "@pixi/graphics" "5.3.2"
    "@pixi/interaction" "5.3.2"
    "@pixi/loaders" "5.3.2"
    "@pixi/math" "5.3.2"
    "@pixi/mesh" "5.3.2"
    "@pixi/mesh-extras" "5.3.2"
    "@pixi/mixin-cache-as-bitmap" "5.3.2"
    "@pixi/mixin-get-child-by-name" "5.3.2"
    "@pixi/mixin-get-global-position" "5.3.2"
    "@pixi/particles" "5.3.2"
    "@pixi/polyfill" "5.3.2"
    "@pixi/prepare" "5.3.2"
    "@pixi/runner" "5.3.2"
    "@pixi/settings" "5.3.2"
    "@pixi/sprite" "5.3.2"
    "@pixi/sprite-animated" "5.3.2"
    "@pixi/sprite-tiling" "5.3.2"
    "@pixi/spritesheet" "5.3.2"
    "@pixi/text" "5.3.2"
    "@pixi/text-bitmap" "5.3.2"
    "@pixi/ticker" "5.3.2"
    "@pixi/utils" "5.3.2"

prop-types@^15.6.2:
  version "15.7.2"
  resolved "https://registry.yarnpkg.com/prop-types/-/prop-types-15.7.2.tgz#52c41e75b8c87e72b9d9360e0206b99dcbffa6c5"
  integrity sha512-8QQikdH7//R2vurIJSutZ1smHYTcLpRWEOlHnzcWHmBYrOGUysKwSsrC89BCiFj3CbrfJ/nXFdJepOVrY1GCHQ==
  dependencies:
    loose-envify "^1.4.0"
    object-assign "^4.1.1"
    react-is "^16.8.1"

punycode@1.3.2:
  version "1.3.2"
  resolved "https://registry.yarnpkg.com/punycode/-/punycode-1.3.2.tgz#9653a036fb7c1ee42342f2325cceefea3926c48d"
  integrity sha1-llOgNvt8HuQjQvIyXM7v6jkmxI0=

querystring@0.2.0:
  version "0.2.0"
  resolved "https://registry.yarnpkg.com/querystring/-/querystring-0.2.0.tgz#b209849203bb25df820da756e747005878521620"
  integrity sha1-sgmEkgO7Jd+CDadW50cAWHhSFiA=

react-is@^16.8.1:
  version "16.8.6"
  resolved "https://registry.yarnpkg.com/react-is/-/react-is-16.8.6.tgz#5bbc1e2d29141c9fbdfed456343fe2bc430a6a16"
  integrity sha512-aUk3bHfZ2bRSVFFbbeVS4i+lNPZr3/WM5jT2J5omUVV1zzcs1nAaf3l51ctA5FFvCRbhrH0bdAsRRQddFJZPtA==

react-reconciler@^0.24.0:
  version "0.24.0"
  resolved "https://registry.yarnpkg.com/react-reconciler/-/react-reconciler-0.24.0.tgz#5a396b2c2f5efe8554134a5935f49f546723f2dd"
  integrity sha512-gAGnwWkf+NOTig9oOowqid9O0HjTDC+XVGBCAmJYYJ2A2cN/O4gDdIuuUQjv8A4v6GDwVfJkagpBBLW5OW9HSw==
  dependencies:
    loose-envify "^1.1.0"
    object-assign "^4.1.1"
    prop-types "^15.6.2"
    scheduler "^0.18.0"

react@^16.12.0:
  version "16.12.0"
  resolved "https://registry.yarnpkg.com/react/-/react-16.12.0.tgz#0c0a9c6a142429e3614834d5a778e18aa78a0b83"
  integrity sha512-fglqy3k5E+81pA8s+7K0/T3DBCF0ZDOher1elBFzF7O6arXJgzyu/FW+COxFvAWXJoJN9KIZbT2LXlukwphYTA==
  dependencies:
    loose-envify "^1.1.0"
    object-assign "^4.1.1"
    prop-types "^15.6.2"

resource-loader@^3.0.1:
  version "3.0.1"
  resolved "https://registry.yarnpkg.com/resource-loader/-/resource-loader-3.0.1.tgz#33355bb5421e2994f59454bbc7f6dbff8df06d47"
  integrity sha512-fBuCRbEHdLCI1eglzQhUv9Rrdcmqkydr1r6uHE2cYHvRBrcLXeSmbE/qI/urFt8rPr/IGxir3BUwM5kUK8XoyA==
  dependencies:
    mini-signals "^1.2.0"
    parse-uri "^1.0.0"

scheduler@^0.18.0:
  version "0.18.0"
  resolved "https://registry.yarnpkg.com/scheduler/-/scheduler-0.18.0.tgz#5901ad6659bc1d8f3fdaf36eb7a67b0d6746b1c4"
  integrity sha512-agTSHR1Nbfi6ulI0kYNK0203joW2Y5W4po4l+v03tOoiJKpTBbxpNhWDvqc/4IcOw+KLmSiQLTasZ4cab2/UWQ==
  dependencies:
    loose-envify "^1.1.0"
    object-assign "^4.1.1"

url@^0.11.0:
  version "0.11.0"
  resolved "https://registry.yarnpkg.com/url/-/url-0.11.0.tgz#3838e97cfc60521eb73c525a8e55bfdd9e2e28f1"
  integrity sha1-ODjpfPxgUh63PFJajlW/3Z4uKPE=
  dependencies:
    punycode "1.3.2"
    querystring "0.2.0"
