# THIS IS AN AUTOGENERATED FILE. DO NOT EDIT THIS FILE DIRECTLY.
# yarn lockfile v1


"@pixi/accessibility@5.3.1":
  version "5.3.1"
  resolved "https://registry.yarnpkg.com/@pixi/accessibility/-/accessibility-5.3.1.tgz#abcf6362e8d3ff5df630bab4a8f194dc140c2641"
  integrity sha512-Fr54YVZu1/9JVtwnWN69C6DQm76tJXIV3K2tE3TY87bVze8twlkbYolXTnM/4GFvDgDbJ0OymM4tbUCIl7tx+A==
  dependencies:
    "@pixi/core" "5.3.1"
    "@pixi/display" "5.3.1"
    "@pixi/utils" "5.3.1"

"@pixi/app@5.3.1":
  version "5.3.1"
  resolved "https://registry.yarnpkg.com/@pixi/app/-/app-5.3.1.tgz#278e0b530ad1dacfafe91582ce86f230ebb2a0cb"
  integrity sha512-5CnfL9q5DJ4VWuiAqiAT8zGfWzOep7cann2wL8sLRvWyztgHmlFV8JUbj5zaaV1sFgU0KqQcB0L24H459Kc/QQ==
  dependencies:
    "@pixi/core" "5.3.1"
    "@pixi/display" "5.3.1"

"@pixi/constants@5.3.1":
  version "5.3.1"
  resolved "https://registry.yarnpkg.com/@pixi/constants/-/constants-5.3.1.tgz#5349de044957a21bdeac9c81067733c73c5b4fb0"
  integrity sha512-SwvUEfkLWQzv/rx7fWZx6kjcjnOJRTdcWMHlKcN0IQ6XUMz/cHp+OjhySHbvJDLY2RWH22e0YCnzRfNBiCmycQ==

"@pixi/core@5.3.1":
  version "5.3.1"
  resolved "https://registry.yarnpkg.com/@pixi/core/-/core-5.3.1.tgz#e195f0a59d63e30fb049ed75e360e1d15f2c8f05"
  integrity sha512-8EhRzxiSAyVwkSEsxylPS8pm7JfTC87+STeapd//NDma3H4AjU4SbB45naLUAUAQWch1JHkF1xuiVUMyKyxu6g==
  dependencies:
    "@pixi/constants" "5.3.1"
    "@pixi/math" "5.3.1"
    "@pixi/runner" "5.3.1"
    "@pixi/settings" "5.3.1"
    "@pixi/ticker" "5.3.1"
    "@pixi/utils" "5.3.1"

"@pixi/display@5.3.1":
  version "5.3.1"
  resolved "https://registry.yarnpkg.com/@pixi/display/-/display-5.3.1.tgz#134142aec8de86fa6bb8a2a788daeac0c477cf11"
  integrity sha512-dvRnY9tktXzWdON2C4LZcRPBT4YKPquWRmrrXXCSTd+XyGr854DQUAwK7iQ4gHmnSk4CaaUoJ1VCFXhVr3nATw==
  dependencies:
    "@pixi/math" "5.3.1"
    "@pixi/settings" "5.3.1"
    "@pixi/utils" "5.3.1"

"@pixi/extract@5.3.1":
  version "5.3.1"
  resolved "https://registry.yarnpkg.com/@pixi/extract/-/extract-5.3.1.tgz#16694e5eb6dc70ee3017e89784769d5e65e26726"
  integrity sha512-J1NPDf2JkSkvxjvcNfj3crexWQ1uKmTWi5RgRmr/Nv/bJJeexNBsGC66O02FjweKSq2OZ3VPDE8Im28koXoqZw==
  dependencies:
    "@pixi/core" "5.3.1"
    "@pixi/math" "5.3.1"
    "@pixi/utils" "5.3.1"

"@pixi/filter-alpha@5.3.1":
  version "5.3.1"
  resolved "https://registry.yarnpkg.com/@pixi/filter-alpha/-/filter-alpha-5.3.1.tgz#14d0400e51a519145943a23ecbf219b976a1af7d"
  integrity sha512-Zfz+F0DYYk8XyvSahipQ1gMzjrvYdZymFU0xjCa9W4PaI8/uw/QSiolyTeg70BDxav4/Upjh6HQSlZ1yJYxQYg==
  dependencies:
    "@pixi/core" "5.3.1"

"@pixi/filter-blur@5.3.1":
  version "5.3.1"
  resolved "https://registry.yarnpkg.com/@pixi/filter-blur/-/filter-blur-5.3.1.tgz#5fa55015bf9b7a718da4d70ea6704b016d543948"
  integrity sha512-zIu6sdnc++yIbCH31/ZWdwE6B1jxa4qYbYPOOFkvNVGgWU+YqMf7HJroAFB2kDv/WliRglDNR0yO3klLEZzEMw==
  dependencies:
    "@pixi/core" "5.3.1"
    "@pixi/settings" "5.3.1"

"@pixi/filter-color-matrix@5.3.1":
  version "5.3.1"
  resolved "https://registry.yarnpkg.com/@pixi/filter-color-matrix/-/filter-color-matrix-5.3.1.tgz#6c3cd60af319208f746115c908e7e538c8427676"
  integrity sha512-A+jzOA8Kz13GUvlM/Zpny8E/UMQLJ7xFOBtGPXUei3I5Derb63P/S+m5e4AMxsxi0O3L6x3nd6+XTBsDw/UWJg==
  dependencies:
    "@pixi/core" "5.3.1"

"@pixi/filter-displacement@5.3.1":
  version "5.3.1"
  resolved "https://registry.yarnpkg.com/@pixi/filter-displacement/-/filter-displacement-5.3.1.tgz#8a695cb6c9f8c78288ea4fa84a9321250e9f0404"
  integrity sha512-uhJD2gr2ywjd63bsLsexhml77SsE76D/YuH4wR17BBS6s3rBEZ9+MDCoAmtvqpedjFOS61YXs8w+rNQ/Y+nNZg==
  dependencies:
    "@pixi/core" "5.3.1"
    "@pixi/math" "5.3.1"

"@pixi/filter-fxaa@5.3.1":
  version "5.3.1"
  resolved "https://registry.yarnpkg.com/@pixi/filter-fxaa/-/filter-fxaa-5.3.1.tgz#581020b71e4159817438363b1329152b6252ebf5"
  integrity sha512-fd/h4ubKBaPQrvr8NnvD6pksdjIGz6D/cB+AusbLnWbQdKVGujm9eEZI1Ifa66/tBlamAg18p5vOuMj8qMNwqQ==
  dependencies:
    "@pixi/core" "5.3.1"

"@pixi/filter-noise@5.3.1":
  version "5.3.1"
  resolved "https://registry.yarnpkg.com/@pixi/filter-noise/-/filter-noise-5.3.1.tgz#ada1895cb5f98749c2f738462cdb454aa9f0ecf5"
  integrity sha512-6lRkOmT8uZ+85/Gpx0wokH4gdz/ZjPtANmRIPpr/c5IG+gFLQhVeIa7rv58M+EGA9ctzKJO8j/w/x/uUdPM6nQ==
  dependencies:
    "@pixi/core" "5.3.1"

"@pixi/graphics@5.3.1":
  version "5.3.1"
  resolved "https://registry.yarnpkg.com/@pixi/graphics/-/graphics-5.3.1.tgz#7ff3d602d32e6aa7468c03119e60276cd651a195"
  integrity sha512-aC1OvH62aRcABvqm4ZJBLqelEJog8MPfVpjOTCbkbc+Tvk/FoyBFEnyWFng/WmI0TPMV5sjlAXSS4GvQRcLJeg==
  dependencies:
    "@pixi/constants" "5.3.1"
    "@pixi/core" "5.3.1"
    "@pixi/display" "5.3.1"
    "@pixi/math" "5.3.1"
    "@pixi/sprite" "5.3.1"
    "@pixi/utils" "5.3.1"

"@pixi/interaction@5.3.1":
  version "5.3.1"
  resolved "https://registry.yarnpkg.com/@pixi/interaction/-/interaction-5.3.1.tgz#f44421dedd36f853d126eb67510b23b2e057451a"
  integrity sha512-yNHkDp/Sc0GPZWBknKH2ob4pd1MPe3fTvrcT/wErOqAyZEhWehwvJXx37UlRSpN3WXTNhDXtOCeLyboat53qnA==
  dependencies:
    "@pixi/core" "5.3.1"
    "@pixi/display" "5.3.1"
    "@pixi/math" "5.3.1"
    "@pixi/ticker" "5.3.1"
    "@pixi/utils" "5.3.1"

"@pixi/loaders@5.3.1":
  version "5.3.1"
  resolved "https://registry.yarnpkg.com/@pixi/loaders/-/loaders-5.3.1.tgz#bb06d6ad0b42d0f72584fd9f83c23b830348b2ca"
  integrity sha512-aPxg0DSq3aUnJo8tsY26emlYBv3yOjvCUsOQvWQ4XKBaTi5Y+3jpRO0r2IkertyR1ysYLrHhPTWGSIdSDFPYNg==
  dependencies:
    "@pixi/core" "5.3.1"
    "@pixi/utils" "5.3.1"
    resource-loader "^3.0.1"

"@pixi/math@5.3.1":
  version "5.3.1"
  resolved "https://registry.yarnpkg.com/@pixi/math/-/math-5.3.1.tgz#8ca6d3344da3b3bdc71004191e7c4cc7d2831913"
  integrity sha512-G/3QaO7yHDoHD5iXGP/iOhM8arRatN1mMEcSguIMi3u+sLEAWkeZpKsZIcDBiNFdOcyoW/xTQmEFd2ji8OXWmQ==

"@pixi/mesh-extras@5.3.1":
  version "5.3.1"
  resolved "https://registry.yarnpkg.com/@pixi/mesh-extras/-/mesh-extras-5.3.1.tgz#0ed569c17d1b1f0556f7b10818a43aa8d0c041c5"
  integrity sha512-Yly4fmi2koQB8sQFJXo2aqxX4dfksndeSsEmCsdjMcKEW3zqvyuCGCagDtgysXD/7o3+Ig/W0orzKjv3OE9+iQ==
  dependencies:
    "@pixi/constants" "5.3.1"
    "@pixi/core" "5.3.1"
    "@pixi/math" "5.3.1"
    "@pixi/mesh" "5.3.1"
    "@pixi/utils" "5.3.1"

"@pixi/mesh@5.3.1":
  version "5.3.1"
  resolved "https://registry.yarnpkg.com/@pixi/mesh/-/mesh-5.3.1.tgz#28635d0e3dced4c2c2caf6ec3a276e83c05ab90d"
  integrity sha512-MxZiPkM6ylM83MljRZ2858tvB7oreWvOkenme66AN1XVxlOiQm2TuoLvmGelCnzZPBSxRJMblyYk+d7bbO1TXw==
  dependencies:
    "@pixi/constants" "5.3.1"
    "@pixi/core" "5.3.1"
    "@pixi/display" "5.3.1"
    "@pixi/math" "5.3.1"
    "@pixi/settings" "5.3.1"
    "@pixi/utils" "5.3.1"

"@pixi/mixin-cache-as-bitmap@5.3.1":
  version "5.3.1"
  resolved "https://registry.yarnpkg.com/@pixi/mixin-cache-as-bitmap/-/mixin-cache-as-bitmap-5.3.1.tgz#57f1e624e3be88bc2aa64ec6d969dc8cc9da0db7"
  integrity sha512-RTuHae9Vwg/6BjlvCwRQfJ+xkRdDkiQ+pCY7iqjPPyBXfb9sv/GOoYdsQRVwR6RAnb2JqMdJOdBjgGLtmSAsYg==
  dependencies:
    "@pixi/core" "5.3.1"
    "@pixi/display" "5.3.1"
    "@pixi/math" "5.3.1"
    "@pixi/settings" "5.3.1"
    "@pixi/sprite" "5.3.1"
    "@pixi/utils" "5.3.1"

"@pixi/mixin-get-child-by-name@5.3.1":
  version "5.3.1"
  resolved "https://registry.yarnpkg.com/@pixi/mixin-get-child-by-name/-/mixin-get-child-by-name-5.3.1.tgz#2b6fa49efd3513015e929661a58e833b73acf46c"
  integrity sha512-sTebKEbmSe+gVKH1iQaVB82hWREW/Soi1vye3bUA58AVZplyEw330KyLx4LnLM6nMagN3KjNFPRGzpwTXImWwA==
  dependencies:
    "@pixi/display" "5.3.1"

"@pixi/mixin-get-global-position@5.3.1":
  version "5.3.1"
  resolved "https://registry.yarnpkg.com/@pixi/mixin-get-global-position/-/mixin-get-global-position-5.3.1.tgz#3c77ae032ae79fece6f998cbebb4c75fe002d3ad"
  integrity sha512-aYlxbKu1hUGqP12Djf4sdQr+6+NxxCdG9dtJ8J+o1//AO55Zo5Pyj7Y7OwB1hfgHEqIP5U0ogeEc5IwGwoRafA==
  dependencies:
    "@pixi/display" "5.3.1"
    "@pixi/math" "5.3.1"

"@pixi/particles@5.3.1":
  version "5.3.1"
  resolved "https://registry.yarnpkg.com/@pixi/particles/-/particles-5.3.1.tgz#ed55cff863569973857458437f7fb406397ea068"
  integrity sha512-8GL3kIvVaBjyZ+5lUm5tY7G+XsOl7EIWndizdZ2iXoypLsUMBiHhZ6emj5FNl4+wjJrjdHznruxkRj8AEE6rOQ==
  dependencies:
    "@pixi/constants" "5.3.1"
    "@pixi/core" "5.3.1"
    "@pixi/display" "5.3.1"
    "@pixi/math" "5.3.1"
    "@pixi/utils" "5.3.1"

"@pixi/polyfill@5.3.1":
  version "5.3.1"
  resolved "https://registry.yarnpkg.com/@pixi/polyfill/-/polyfill-5.3.1.tgz#db22dd1699a03bdfb1cd139be542682afb29cd4b"
  integrity sha512-3vSiK+s+Bnr098F6lXTlH0YemZyCzY9OrEkJOIVqIROsKExpemopVJxT48f2KjtuaaMUS/Bvk+YffiUfxc0cjg==
  dependencies:
    es6-promise-polyfill "^1.2.0"
    object-assign "^4.1.1"

"@pixi/prepare@5.3.1":
  version "5.3.1"
  resolved "https://registry.yarnpkg.com/@pixi/prepare/-/prepare-5.3.1.tgz#e34eaa5dcf4f3fbdb1b9951a126dd85e4975f277"
  integrity sha512-Dv3bezugcIsfmbpEKCADOjkUp5ZacvRd0/37n8SiitrGWnCFaTDR0q4ImTJKjY7qzWv00M6ZL8Xc9ki5OJRpxg==
  dependencies:
    "@pixi/core" "5.3.1"
    "@pixi/display" "5.3.1"
    "@pixi/graphics" "5.3.1"
    "@pixi/settings" "5.3.1"
    "@pixi/text" "5.3.1"
    "@pixi/ticker" "5.3.1"

"@pixi/runner@5.3.1":
  version "5.3.1"
  resolved "https://registry.yarnpkg.com/@pixi/runner/-/runner-5.3.1.tgz#49a4cbf853e5c38ab9817c53cd525a42ef3bbad6"
  integrity sha512-9jwRIkFXj6qdoDRki2xNnsNnXdqiutAFkqgWjleSC+yY8QygKsUB6qH8Q7DIUWCc5PSTzs1JLVlr78cH1kb6WQ==

"@pixi/settings@5.3.1":
  version "5.3.1"
  resolved "https://registry.yarnpkg.com/@pixi/settings/-/settings-5.3.1.tgz#d53611bb8ea40e660d62b123b2688bbbc9f73d52"
  integrity sha512-cAK9HciXFwJkCN41hexk3HMZE5IZD3iw5/3AOvubRzkvOuQNgaDxxmtQdgE4gqjhM+kQWsMNY6x4SZZE0PEFcQ==
  dependencies:
    ismobilejs "^1.1.0"

"@pixi/sprite-animated@5.3.1":
  version "5.3.1"
  resolved "https://registry.yarnpkg.com/@pixi/sprite-animated/-/sprite-animated-5.3.1.tgz#943be1fcb8bc225aee9db344c8607760efb68a15"
  integrity sha512-MBQpI7gEeeXpUQg+hzD3of2xEVFeWjWgxt7PNKxyZjon8MPF3aIcpyv8u6Ldnbzlp7vcYpL8BwFLhUVvOSYLHA==
  dependencies:
    "@pixi/core" "5.3.1"
    "@pixi/sprite" "5.3.1"
    "@pixi/ticker" "5.3.1"

"@pixi/sprite-tiling@5.3.1":
  version "5.3.1"
  resolved "https://registry.yarnpkg.com/@pixi/sprite-tiling/-/sprite-tiling-5.3.1.tgz#bf7c5b49f29816aa8f5f6f5fee49207ac68eed98"
  integrity sha512-wh/BXkqt4tyxz7SqY0qtNr05cqlJd3LhL/SxR+4F86hY474ipkA27V67cwTYHA0bEJ1BcMorF6J6cZ30f278Og==
  dependencies:
    "@pixi/constants" "5.3.1"
    "@pixi/core" "5.3.1"
    "@pixi/display" "5.3.1"
    "@pixi/math" "5.3.1"
    "@pixi/sprite" "5.3.1"
    "@pixi/utils" "5.3.1"

"@pixi/sprite@5.3.1":
  version "5.3.1"
  resolved "https://registry.yarnpkg.com/@pixi/sprite/-/sprite-5.3.1.tgz#351f48f27961f44fe1efa1b82ddd643c79d74e43"
  integrity sha512-wtzNtmWHRhXiATJmuCER3CbgVMXb94ukN/L+UPjiYu6zk9aYLvQp4ppN6sIXfESSJ9buoEVx66DMiJy5UIoHgg==
  dependencies:
    "@pixi/constants" "5.3.1"
    "@pixi/core" "5.3.1"
    "@pixi/display" "5.3.1"
    "@pixi/math" "5.3.1"
    "@pixi/settings" "5.3.1"
    "@pixi/utils" "5.3.1"

"@pixi/spritesheet@5.3.1":
  version "5.3.1"
  resolved "https://registry.yarnpkg.com/@pixi/spritesheet/-/spritesheet-5.3.1.tgz#10fac7565bdb05e0c7e50e5b2beca4067518f887"
  integrity sha512-SwmFzVB7fccoe4zP91b0Eo3OmVWWuPdZwZ5smApYQRRVweXMVWDYd1MvZyMn1/WXo7ukm1pVOu78950tNIAfRg==
  dependencies:
    "@pixi/core" "5.3.1"
    "@pixi/loaders" "5.3.1"
    "@pixi/math" "5.3.1"
    "@pixi/utils" "5.3.1"

"@pixi/text-bitmap@5.3.1":
  version "5.3.1"
  resolved "https://registry.yarnpkg.com/@pixi/text-bitmap/-/text-bitmap-5.3.1.tgz#61c0b1c1df4805682611f056b0b1a0009f9061d6"
  integrity sha512-+AKp2RzQOrgKg5ZulEql1BCycpk4f0mJc3kTWmmjVvfjcUHLwQnpwyGLJZv4I8VdLynAL7AXWim1nOA48VS/Gw==
  dependencies:
    "@pixi/core" "5.3.1"
    "@pixi/display" "5.3.1"
    "@pixi/loaders" "5.3.1"
    "@pixi/math" "5.3.1"
    "@pixi/mesh" "5.3.1"
    "@pixi/settings" "5.3.1"
    "@pixi/text" "5.3.1"
    "@pixi/utils" "5.3.1"

"@pixi/text@5.3.1":
  version "5.3.1"
  resolved "https://registry.yarnpkg.com/@pixi/text/-/text-5.3.1.tgz#10c1e7e3eca6243a082dd24bded7775d6b31d9ff"
  integrity sha512-nq+07oFYlj9DSX/O8u2fSKSuozVvG3H0orZd8YYLhDAg6GMacS1zEJCdSgv1moiU12Fx2+I7MMlBT9WBE/7aTg==
  dependencies:
    "@pixi/core" "5.3.1"
    "@pixi/math" "5.3.1"
    "@pixi/settings" "5.3.1"
    "@pixi/sprite" "5.3.1"
    "@pixi/utils" "5.3.1"

"@pixi/ticker@5.3.1":
  version "5.3.1"
  resolved "https://registry.yarnpkg.com/@pixi/ticker/-/ticker-5.3.1.tgz#62f989c4057d8905e3bcb1c18479e6f9b9e8589a"
  integrity sha512-+staweCVNihmDSChUsSl+Tr3t+pxHAi1FjVYPPqSH0vNlzuu22XWwhwPBGQUvna/mqe/HtXwXUSHbzlAh/kMCQ==
  dependencies:
    "@pixi/settings" "5.3.1"

"@pixi/utils@5.3.1":
  version "5.3.1"
  resolved "https://registry.yarnpkg.com/@pixi/utils/-/utils-5.3.1.tgz#45fddafb361bbcb5d873e6f1394e0fc5a9ba0fad"
  integrity sha512-TcNJ3OSRX84BLlRdMS+wduFKeJ9itTogfQrJcdynJr+2C9GtRthge26kYmRSHGPdS0v62ALCE63A0aukK5ut3w==
  dependencies:
    "@pixi/constants" "5.3.1"
    "@pixi/settings" "5.3.1"
    earcut "^2.1.5"
    eventemitter3 "^3.1.0"
    url "^0.11.0"

earcut@^2.1.5:
  version "2.2.2"
  resolved "https://registry.yarnpkg.com/earcut/-/earcut-2.2.2.tgz#41b0bc35f63e0fe80da7cddff28511e7e2e80d11"
  integrity sha512-eZoZPPJcUHnfRZ0PjLvx2qBordSiO8ofC3vt+qACLM95u+4DovnbYNpQtJh0DNsWj8RnxrQytD4WA8gj5cRIaQ==

es6-promise-polyfill@^1.2.0:
  version "1.2.0"
  resolved "https://registry.yarnpkg.com/es6-promise-polyfill/-/es6-promise-polyfill-1.2.0.tgz#f38925f23cb3e3e8ce6cda8ff774fcebbb090cde"
  integrity sha1-84kl8jyz4+jObNqP93T867sJDN4=

eventemitter3@^3.1.0:
  version "3.1.2"
  resolved "https://registry.yarnpkg.com/eventemitter3/-/eventemitter3-3.1.2.tgz#2d3d48f9c346698fce83a85d7d664e98535df6e7"
  integrity sha512-tvtQIeLVHjDkJYnzf2dgVMxfuSGJeM/7UCG17TT4EumTfNtF+0nebF/4zWOIkCreAbtNqhGEboB6BWrwqNaw4Q==

ismobilejs@^1.1.0:
  version "1.1.1"
  resolved "https://registry.yarnpkg.com/ismobilejs/-/ismobilejs-1.1.1.tgz#c56ca0ae8e52b24ca0f22ba5ef3215a2ddbbaa0e"
  integrity sha512-VaFW53yt8QO61k2WJui0dHf4SlL8lxBofUuUmwBo0ljPk0Drz2TiuDW4jo3wDcv41qy/SxrJ+VAzJ/qYqsmzRw==

"js-tokens@^3.0.0 || ^4.0.0":
  version "4.0.0"
  resolved "https://registry.yarnpkg.com/js-tokens/-/js-tokens-4.0.0.tgz#19203fb59991df98e3a287050d4647cdeaf32499"
  integrity sha512-RdJUflcE3cUzKiMqQgsCu06FPu9UdIJO0beYbPhHN4k6apgJtifcoCtT9bcxOpYBtpD2kCM6Sbzg4CausW/PKQ==

loose-envify@^1.1.0, loose-envify@^1.4.0:
  version "1.4.0"
  resolved "https://registry.yarnpkg.com/loose-envify/-/loose-envify-1.4.0.tgz#71ee51fa7be4caec1a63839f7e682d8132d30caf"
  integrity sha512-lyuxPGr/Wfhrlem2CL/UcnUc1zcqKAImBDzukY7Y5F/yQiNdko6+fRLevlw1HgMySw7f611UIY408EtxRSoK3Q==
  dependencies:
    js-tokens "^3.0.0 || ^4.0.0"

mini-signals@^1.2.0:
  version "1.2.0"
  resolved "https://registry.yarnpkg.com/mini-signals/-/mini-signals-1.2.0.tgz#45b08013c5fae51a24aa1a935cd317c9ed721d74"
  integrity sha1-RbCAE8X65RokqhqTXNMXye1yHXQ=

object-assign@^4.1.1:
  version "4.1.1"
  resolved "https://registry.yarnpkg.com/object-assign/-/object-assign-4.1.1.tgz#2109adc7965887cfc05cbbd442cac8bfbb360863"
  integrity sha1-IQmtx5ZYh8/AXLvUQsrIv7s2CGM=

parse-uri@^1.0.0:
  version "1.0.0"
  resolved "https://registry.yarnpkg.com/parse-uri/-/parse-uri-1.0.0.tgz#2872dcc22f1a797acde1583d8a0ac29552ddac20"
  integrity sha1-KHLcwi8aeXrN4Vg9igrClVLdrCA=

pixi.js@^5.3.1:
  version "5.3.1"
  resolved "https://registry.yarnpkg.com/pixi.js/-/pixi.js-5.3.1.tgz#fc1576ea9379325a463c20dbc81b1386557f28a1"
  integrity sha512-6qIVGgxDMnInLjuOHKeNKCh0GbPdRUvIiSqIOgavEHkq6quFlEVqeXozBrkfy9d+xlmeH4Rbei7TK6Xm1YVQ1Q==
  dependencies:
    "@pixi/accessibility" "5.3.1"
    "@pixi/app" "5.3.1"
    "@pixi/constants" "5.3.1"
    "@pixi/core" "5.3.1"
    "@pixi/display" "5.3.1"
    "@pixi/extract" "5.3.1"
    "@pixi/filter-alpha" "5.3.1"
    "@pixi/filter-blur" "5.3.1"
    "@pixi/filter-color-matrix" "5.3.1"
    "@pixi/filter-displacement" "5.3.1"
    "@pixi/filter-fxaa" "5.3.1"
    "@pixi/filter-noise" "5.3.1"
    "@pixi/graphics" "5.3.1"
    "@pixi/interaction" "5.3.1"
    "@pixi/loaders" "5.3.1"
    "@pixi/math" "5.3.1"
    "@pixi/mesh" "5.3.1"
    "@pixi/mesh-extras" "5.3.1"
    "@pixi/mixin-cache-as-bitmap" "5.3.1"
    "@pixi/mixin-get-child-by-name" "5.3.1"
    "@pixi/mixin-get-global-position" "5.3.1"
    "@pixi/particles" "5.3.1"
    "@pixi/polyfill" "5.3.1"
    "@pixi/prepare" "5.3.1"
    "@pixi/runner" "5.3.1"
    "@pixi/settings" "5.3.1"
    "@pixi/sprite" "5.3.1"
    "@pixi/sprite-animated" "5.3.1"
    "@pixi/sprite-tiling" "5.3.1"
    "@pixi/spritesheet" "5.3.1"
    "@pixi/text" "5.3.1"
    "@pixi/text-bitmap" "5.3.1"
    "@pixi/ticker" "5.3.1"
    "@pixi/utils" "5.3.1"

prop-types@^15.6.2:
  version "15.7.2"
  resolved "https://registry.yarnpkg.com/prop-types/-/prop-types-15.7.2.tgz#52c41e75b8c87e72b9d9360e0206b99dcbffa6c5"
  integrity sha512-8QQikdH7//R2vurIJSutZ1smHYTcLpRWEOlHnzcWHmBYrOGUysKwSsrC89BCiFj3CbrfJ/nXFdJepOVrY1GCHQ==
  dependencies:
    loose-envify "^1.4.0"
    object-assign "^4.1.1"
    react-is "^16.8.1"

punycode@1.3.2:
  version "1.3.2"
  resolved "https://registry.yarnpkg.com/punycode/-/punycode-1.3.2.tgz#9653a036fb7c1ee42342f2325cceefea3926c48d"
  integrity sha1-llOgNvt8HuQjQvIyXM7v6jkmxI0=

querystring@0.2.0:
  version "0.2.0"
  resolved "https://registry.yarnpkg.com/querystring/-/querystring-0.2.0.tgz#b209849203bb25df820da756e747005878521620"
  integrity sha1-sgmEkgO7Jd+CDadW50cAWHhSFiA=

react-is@^16.8.1:
  version "16.8.6"
  resolved "https://registry.yarnpkg.com/react-is/-/react-is-16.8.6.tgz#5bbc1e2d29141c9fbdfed456343fe2bc430a6a16"
  integrity sha512-aUk3bHfZ2bRSVFFbbeVS4i+lNPZr3/WM5jT2J5omUVV1zzcs1nAaf3l51ctA5FFvCRbhrH0bdAsRRQddFJZPtA==

react-reconciler@^0.24.0:
  version "0.24.0"
  resolved "https://registry.yarnpkg.com/react-reconciler/-/react-reconciler-0.24.0.tgz#5a396b2c2f5efe8554134a5935f49f546723f2dd"
  integrity sha512-gAGnwWkf+NOTig9oOowqid9O0HjTDC+XVGBCAmJYYJ2A2cN/O4gDdIuuUQjv8A4v6GDwVfJkagpBBLW5OW9HSw==
  dependencies:
    loose-envify "^1.1.0"
    object-assign "^4.1.1"
    prop-types "^15.6.2"
    scheduler "^0.18.0"

react@^16.12.0:
  version "16.12.0"
  resolved "https://registry.yarnpkg.com/react/-/react-16.12.0.tgz#0c0a9c6a142429e3614834d5a778e18aa78a0b83"
  integrity sha512-fglqy3k5E+81pA8s+7K0/T3DBCF0ZDOher1elBFzF7O6arXJgzyu/FW+COxFvAWXJoJN9KIZbT2LXlukwphYTA==
  dependencies:
    loose-envify "^1.1.0"
    object-assign "^4.1.1"
    prop-types "^15.6.2"

resource-loader@^3.0.1:
  version "3.0.1"
  resolved "https://registry.yarnpkg.com/resource-loader/-/resource-loader-3.0.1.tgz#33355bb5421e2994f59454bbc7f6dbff8df06d47"
  integrity sha512-fBuCRbEHdLCI1eglzQhUv9Rrdcmqkydr1r6uHE2cYHvRBrcLXeSmbE/qI/urFt8rPr/IGxir3BUwM5kUK8XoyA==
  dependencies:
    mini-signals "^1.2.0"
    parse-uri "^1.0.0"

scheduler@^0.18.0:
  version "0.18.0"
  resolved "https://registry.yarnpkg.com/scheduler/-/scheduler-0.18.0.tgz#5901ad6659bc1d8f3fdaf36eb7a67b0d6746b1c4"
  integrity sha512-agTSHR1Nbfi6ulI0kYNK0203joW2Y5W4po4l+v03tOoiJKpTBbxpNhWDvqc/4IcOw+KLmSiQLTasZ4cab2/UWQ==
  dependencies:
    loose-envify "^1.1.0"
    object-assign "^4.1.1"

url@^0.11.0:
  version "0.11.0"
  resolved "https://registry.yarnpkg.com/url/-/url-0.11.0.tgz#3838e97cfc60521eb73c525a8e55bfdd9e2e28f1"
  integrity sha1-ODjpfPxgUh63PFJajlW/3Z4uKPE=
  dependencies:
    punycode "1.3.2"
    querystring "0.2.0"
