# THIS IS AN AUTOGENERATED FILE. DO NOT EDIT THIS FILE DIRECTLY.
# yarn lockfile v1


"@pixi/accessibility@5.2.4":
  version "5.2.4"
  resolved "https://registry.yarnpkg.com/@pixi/accessibility/-/accessibility-5.2.4.tgz#ed5e7fa9a5977b63fb798a16783ee0a1961b5ffc"
  integrity sha512-NaHYuUqD4vmYRTvleQpR2Rc7mYHgreX+WYCXYa8gQghoTa1J1zfbFvYJaby3gubuVmNG2eyzjlKIVUeIrVuJCg==
  dependencies:
    "@pixi/core" "5.2.4"
    "@pixi/display" "5.2.4"
    "@pixi/utils" "5.2.4"

"@pixi/app@5.2.4":
  version "5.2.4"
  resolved "https://registry.yarnpkg.com/@pixi/app/-/app-5.2.4.tgz#1073dbb7ef74cd5e44ff9d92350ab5ccca4a6860"
  integrity sha512-3BSp1uZJUnctTqsvmVqIRXwS0Uq2GInVvWmrZQF7+6O5neADVX4Ba7ENh7CnmuPXnMPmwxt1788I20aUi3ld1Q==
  dependencies:
    "@pixi/core" "5.2.4"
    "@pixi/display" "5.2.4"

"@pixi/constants@5.2.4":
  version "5.2.4"
  resolved "https://registry.yarnpkg.com/@pixi/constants/-/constants-5.2.4.tgz#ef293790cc0e2c74ab78ec49669df514a5ea372a"
  integrity sha512-+sMfU57VTQb5DkDtndCBg3PzyC8NxZJvg/R76tuopkZZ5AgI4aAE6hNMs0JzvalzYNIampzwpdZ1gz5UKvL1dQ==

"@pixi/core@5.2.4":
  version "5.2.4"
  resolved "https://registry.yarnpkg.com/@pixi/core/-/core-5.2.4.tgz#5cdc09b0ba327877ebbcf1688cff788c954df634"
  integrity sha512-3RXoqtMqCGZFDLNiBp1l6HAnnNvKsCn3D4m3NvrrIhcaPFxD8bSPZaHEaTq6BaStOGWhpofRy+RLtFfYciQLiA==
  dependencies:
    "@pixi/constants" "5.2.4"
    "@pixi/display" "5.2.4"
    "@pixi/math" "5.2.4"
    "@pixi/runner" "5.2.4"
    "@pixi/settings" "5.2.4"
    "@pixi/ticker" "5.2.4"
    "@pixi/utils" "5.2.4"

"@pixi/display@5.2.4":
  version "5.2.4"
  resolved "https://registry.yarnpkg.com/@pixi/display/-/display-5.2.4.tgz#03f855d2d4811daba91248bec819270e27470572"
  integrity sha512-VndYAcumBeHCJuUZ4HaCTFZ4+T7Ncemam9FcAsMqlu3P9BCu8LMuARv0lLKWIV0jz+nBF7qKzLfpJoNYF64Mgw==
  dependencies:
    "@pixi/math" "5.2.4"
    "@pixi/settings" "5.2.4"
    "@pixi/utils" "5.2.4"

"@pixi/extract@5.2.4":
  version "5.2.4"
  resolved "https://registry.yarnpkg.com/@pixi/extract/-/extract-5.2.4.tgz#f00cd62630c5e8ea90b3961ba873ab46372ef1db"
  integrity sha512-en9ZIa+9k0owQxQPj5U5jT1GaDAAqOn5mlF6Pn6xXOkRi8npUnpj1zpNtcG0kn8ZMufJVmyyI33lMl6NPzLzsQ==
  dependencies:
    "@pixi/core" "5.2.4"
    "@pixi/math" "5.2.4"
    "@pixi/utils" "5.2.4"

"@pixi/filter-alpha@5.2.4":
  version "5.2.4"
  resolved "https://registry.yarnpkg.com/@pixi/filter-alpha/-/filter-alpha-5.2.4.tgz#e7f17ccb096b4e892420a74476cb262f7218d290"
  integrity sha512-WdQyqPUM60z16pXH+aAWwy/Xrfx/Qgb9kf3GRAQq77WsxbrFVY/DGfakxNa+jDuSlS4fBIKx66iLnoLlOzA6iQ==
  dependencies:
    "@pixi/core" "5.2.4"

"@pixi/filter-blur@5.2.4":
  version "5.2.4"
  resolved "https://registry.yarnpkg.com/@pixi/filter-blur/-/filter-blur-5.2.4.tgz#c2fa2d1e0e7d193af73ce58eba4350de1eb10af7"
  integrity sha512-9uDr7QIRpuhxdZsO76AddIP2x2MbcQvErQjmjQEfLsectbCLdkRWjHPoLzFfARb58lNzT0Pe5EMVPI91usa1pA==
  dependencies:
    "@pixi/core" "5.2.4"
    "@pixi/settings" "5.2.4"

"@pixi/filter-color-matrix@5.2.4":
  version "5.2.4"
  resolved "https://registry.yarnpkg.com/@pixi/filter-color-matrix/-/filter-color-matrix-5.2.4.tgz#bf2f99f17c97073c6f248362058e30b9a6f993c6"
  integrity sha512-3JQVtKb43SLticOWhIoWWykNCh2MK/wb4/p88LYew3kAUyfA2glZ+t2moYC3HAye3tsrc155go6m7Hqabpl/yQ==
  dependencies:
    "@pixi/core" "5.2.4"

"@pixi/filter-displacement@5.2.4":
  version "5.2.4"
  resolved "https://registry.yarnpkg.com/@pixi/filter-displacement/-/filter-displacement-5.2.4.tgz#413ffade6bdf53651e0ed6730882711a65d71475"
  integrity sha512-nDQ6PcVbHcs0EJu5chtqzI6gF92K34JgfUSrr5pnLwwzbwr2/KQjgRPyRXLLv2rj/HU8pzNLzqRXBWP4qewu6w==
  dependencies:
    "@pixi/core" "5.2.4"
    "@pixi/math" "5.2.4"

"@pixi/filter-fxaa@5.2.4":
  version "5.2.4"
  resolved "https://registry.yarnpkg.com/@pixi/filter-fxaa/-/filter-fxaa-5.2.4.tgz#b00725a16e687710b114d6245913fea4b9b9fc41"
  integrity sha512-sikOIA6iw/9MejbFL6AZqO6KP9l6QyXYUH2RQVk7zGG75aps4zVXPHgUnz9aT1YASuaWBVP9+ViQPdW2NM5a6g==
  dependencies:
    "@pixi/core" "5.2.4"

"@pixi/filter-noise@5.2.4":
  version "5.2.4"
  resolved "https://registry.yarnpkg.com/@pixi/filter-noise/-/filter-noise-5.2.4.tgz#de183b88a4cf4befcf7126979d188801bb6df330"
  integrity sha512-VcI16NVwrFIDRlLke+BZQid96rKxysTavL/qexa7uHxnxxOwdXthpBA/uOQ6eNde4DJyeBAhnyldUM9ydPeOXQ==
  dependencies:
    "@pixi/core" "5.2.4"

"@pixi/graphics@5.2.4":
  version "5.2.4"
  resolved "https://registry.yarnpkg.com/@pixi/graphics/-/graphics-5.2.4.tgz#8818412e5de0c299a64f475783cbea7b4c7c3220"
  integrity sha512-jASQ2M9+Zzm4GmBE+h6lw30xY/0N1GjAn2Dxd8LJZoeeUjAoVQYbN1CavecPGMRW/Rd0QkkHB5B8iWqZX2Uuxg==
  dependencies:
    "@pixi/constants" "5.2.4"
    "@pixi/core" "5.2.4"
    "@pixi/display" "5.2.4"
    "@pixi/math" "5.2.4"
    "@pixi/sprite" "5.2.4"
    "@pixi/utils" "5.2.4"

"@pixi/interaction@5.2.4":
  version "5.2.4"
  resolved "https://registry.yarnpkg.com/@pixi/interaction/-/interaction-5.2.4.tgz#5d8f64b9c90a8fe6ce0edefb3d522f12d0ce7829"
  integrity sha512-c6EzDRcCFmixpRuwY4xIr9I0ppxmkp8b8mP3qSwvMkY5vsMXazhshhtw0SwTA5mdG6vGV93DnZIevFr+qLvA/Q==
  dependencies:
    "@pixi/core" "5.2.4"
    "@pixi/display" "5.2.4"
    "@pixi/math" "5.2.4"
    "@pixi/ticker" "5.2.4"
    "@pixi/utils" "5.2.4"

"@pixi/loaders@5.2.4":
  version "5.2.4"
  resolved "https://registry.yarnpkg.com/@pixi/loaders/-/loaders-5.2.4.tgz#d56a0866e11888c33a2b24ee72706dcdfe5c7708"
  integrity sha512-MeQd59+sB1ZGhpKGY0w3Ef8cFiWm/yv22MDVM3Hqg1VCu81NjiUrJUGUGALIU8CXI3NfiT+J1zyddslmyJJZjQ==
  dependencies:
    "@pixi/core" "5.2.4"
    "@pixi/utils" "5.2.4"
    resource-loader "^3.0.1"

"@pixi/math@5.2.4":
  version "5.2.4"
  resolved "https://registry.yarnpkg.com/@pixi/math/-/math-5.2.4.tgz#159d6b15a35eebceb1c51ff8ce1f6fcf10cfdbe5"
  integrity sha512-X7tRbNYuc8c/2GyUhe7togF5rflyU4k9ny8aRmvmIHZsJGFU0w+DmCSCnrHm7b6sQvhu6pXQPGQUADPOBtvb+g==

"@pixi/mesh-extras@5.2.4":
  version "5.2.4"
  resolved "https://registry.yarnpkg.com/@pixi/mesh-extras/-/mesh-extras-5.2.4.tgz#c94b94835bd79545fa2fa7482db58ae3a4000727"
  integrity sha512-WQ7H5K4TMeAQyiUJfzZ5UuKY0GF+6JHazhaAc2DhnF5gz2CdvmL0qOiQ4Dad21+VfKzbhC66fP2YfvMHIrWRuw==
  dependencies:
    "@pixi/constants" "5.2.4"
    "@pixi/core" "5.2.4"
    "@pixi/math" "5.2.4"
    "@pixi/mesh" "5.2.4"
    "@pixi/utils" "5.2.4"

"@pixi/mesh@5.2.4":
  version "5.2.4"
  resolved "https://registry.yarnpkg.com/@pixi/mesh/-/mesh-5.2.4.tgz#c5a78ceefbdf16e826768ef773bf5e064ebcc916"
  integrity sha512-OS/KcPgftOh6eE4ZHyC3dCc8nNbOXOq0Va69kwUTfHZLi63vjz03hXiYY/KRJ4tds9+/zCjLeLoBBglqLBBuvg==
  dependencies:
    "@pixi/constants" "5.2.4"
    "@pixi/core" "5.2.4"
    "@pixi/display" "5.2.4"
    "@pixi/math" "5.2.4"
    "@pixi/settings" "5.2.4"
    "@pixi/utils" "5.2.4"

"@pixi/mixin-cache-as-bitmap@5.2.4":
  version "5.2.4"
  resolved "https://registry.yarnpkg.com/@pixi/mixin-cache-as-bitmap/-/mixin-cache-as-bitmap-5.2.4.tgz#4bd7eb4b08ddcc8a6e8ee24953ffcb32905cf30b"
  integrity sha512-Ec/GgqFbE3upEnLDfHCoKzGulozLRCRRXpzD3bS4uHjiZfOOdSYuPKb+UGSxvntAkEUv9k+AKff2+pEPLf15ag==
  dependencies:
    "@pixi/core" "5.2.4"
    "@pixi/display" "5.2.4"
    "@pixi/math" "5.2.4"
    "@pixi/settings" "5.2.4"
    "@pixi/sprite" "5.2.4"
    "@pixi/utils" "5.2.4"

"@pixi/mixin-get-child-by-name@5.2.4":
  version "5.2.4"
  resolved "https://registry.yarnpkg.com/@pixi/mixin-get-child-by-name/-/mixin-get-child-by-name-5.2.4.tgz#a04c86712c197d15b0e38475976bc3e99b061692"
  integrity sha512-ykAtO1T1q1nC/VFl2ieB2ivhoCmD7NU5mAvCp3sd1nx1bTnAXuwPkg6IAxvSkGMkDdL1rzmHBFS3SsggLs6GGg==
  dependencies:
    "@pixi/display" "5.2.4"

"@pixi/mixin-get-global-position@5.2.4":
  version "5.2.4"
  resolved "https://registry.yarnpkg.com/@pixi/mixin-get-global-position/-/mixin-get-global-position-5.2.4.tgz#7da69cd2b2ec4f85b37e33d6434bfe6a3b568abd"
  integrity sha512-JX3QD3kbxIabnAz+IJxzdO4NWipwiUbMg9ByrPs4Ni/4d8L62DnPG6DFwqbmMA+jsHDHpC1g+ITVpz6Slf0CcQ==
  dependencies:
    "@pixi/display" "5.2.4"
    "@pixi/math" "5.2.4"

"@pixi/particles@5.2.4":
  version "5.2.4"
  resolved "https://registry.yarnpkg.com/@pixi/particles/-/particles-5.2.4.tgz#98b6043a8e0287ddac6b8a32aea0b2dcdd776da3"
  integrity sha512-jjr63o1R0OVXKafmmrYLKxCDqqcfdZcwn2dPn4c22QCtRhIBclyFfcupXnIgDaV4WA9V+exa69+enE5pPEboRw==
  dependencies:
    "@pixi/constants" "5.2.4"
    "@pixi/core" "5.2.4"
    "@pixi/display" "5.2.4"
    "@pixi/math" "5.2.4"
    "@pixi/utils" "5.2.4"

"@pixi/polyfill@5.2.4":
  version "5.2.4"
  resolved "https://registry.yarnpkg.com/@pixi/polyfill/-/polyfill-5.2.4.tgz#3a218a89194d39558e6765b84343f2f85dabc111"
  integrity sha512-XCb1xnRxtGT3ZuvtNVmKrSNszpyuMRtGufqpD0fou3BhonWFscCXZfCvx+vVTSJcztJ4tfP3H7BeatY6dc72Ag==
  dependencies:
    es6-promise-polyfill "^1.2.0"
    object-assign "^4.1.1"

"@pixi/prepare@5.2.4":
  version "5.2.4"
  resolved "https://registry.yarnpkg.com/@pixi/prepare/-/prepare-5.2.4.tgz#874ba615c0f471a145e88b7535dbde5b7da9f3c3"
  integrity sha512-LqVvwBTbSGhJx5lqt5B1plgXGUHhRhWh1Ek+7uBrw10fbUfVb0kH1EUvWyt1wkuap2QKvy6ITzrHsg6pBU8JSQ==
  dependencies:
    "@pixi/core" "5.2.4"
    "@pixi/display" "5.2.4"
    "@pixi/graphics" "5.2.4"
    "@pixi/settings" "5.2.4"
    "@pixi/text" "5.2.4"
    "@pixi/ticker" "5.2.4"

"@pixi/runner@5.2.4":
  version "5.2.4"
  resolved "https://registry.yarnpkg.com/@pixi/runner/-/runner-5.2.4.tgz#ad6a3820514906621cf0be8d6bc0a3b4bb5f6e45"
  integrity sha512-VLXZaldao2PT9vM/ea1H6nbUacokRqHbsBWvuJr5ugF+PLY9cGf6L5T6TGyNUuXp2b8RlIKeTxPig3kgL7CS2Q==

"@pixi/settings@5.2.4":
  version "5.2.4"
  resolved "https://registry.yarnpkg.com/@pixi/settings/-/settings-5.2.4.tgz#bc796ebeae0edbdc254d8443141a93eebc7b3265"
  integrity sha512-jF8oYx5nXNi6D3PdIB2RAKnCrekZ4Xb81KvWSzId2TXTC9p71oMPUqiK8pogaLOhWBUdDsVNNdjiZO2ajTmwOQ==
  dependencies:
    ismobilejs "^1.1.0"

"@pixi/sprite-animated@5.2.4":
  version "5.2.4"
  resolved "https://registry.yarnpkg.com/@pixi/sprite-animated/-/sprite-animated-5.2.4.tgz#6c0b80a4790221029d20ba69924d6e7f608fc9ea"
  integrity sha512-7+OoaHpLbHKAQe1wlY11u7gNu5KoNINJWGlsc7wFRHOW6QpNaOTaWyttpLQDfrLe0Z+rAawdqj0252nSKWRNPw==
  dependencies:
    "@pixi/core" "5.2.4"
    "@pixi/sprite" "5.2.4"
    "@pixi/ticker" "5.2.4"

"@pixi/sprite-tiling@5.2.4":
  version "5.2.4"
  resolved "https://registry.yarnpkg.com/@pixi/sprite-tiling/-/sprite-tiling-5.2.4.tgz#ffdc4516e3a00a78fc93732c950bae9bbadf0be9"
  integrity sha512-eCI/L0PvsiEmASQfGH2Wxk0yh+Ze0sNJT5bID1FFZaeOLVvOuRG6dKxEF32RamB/yzrQUyOwQDMtw3Ec3ZY/YQ==
  dependencies:
    "@pixi/constants" "5.2.4"
    "@pixi/core" "5.2.4"
    "@pixi/display" "5.2.4"
    "@pixi/math" "5.2.4"
    "@pixi/sprite" "5.2.4"
    "@pixi/utils" "5.2.4"

"@pixi/sprite@5.2.4":
  version "5.2.4"
  resolved "https://registry.yarnpkg.com/@pixi/sprite/-/sprite-5.2.4.tgz#5f5eb855fcc944af9f8459e5a018e139c36dbdd3"
  integrity sha512-YsR3D/XxU4XQLXB/MkZ5sSkM24EK1TDBbTSAHjbXJR+PgrP1ZE2oA0MuUwjug4BqZdJH3BTUUZKfUfwY8grXuA==
  dependencies:
    "@pixi/constants" "5.2.4"
    "@pixi/core" "5.2.4"
    "@pixi/display" "5.2.4"
    "@pixi/math" "5.2.4"
    "@pixi/settings" "5.2.4"
    "@pixi/utils" "5.2.4"

"@pixi/spritesheet@5.2.4":
  version "5.2.4"
  resolved "https://registry.yarnpkg.com/@pixi/spritesheet/-/spritesheet-5.2.4.tgz#8df570f7cb0421dacfe143cb7306ea20ceca0a85"
  integrity sha512-ytmc5sHXE0BmQe+QZ6SlldmPEWsqADBPQuYG3PolYkpt9Kt54vLTpFQGxS3xFGi2kHmNaKeuNSRFvfAjASOdCA==
  dependencies:
    "@pixi/core" "5.2.4"
    "@pixi/loaders" "5.2.4"
    "@pixi/math" "5.2.4"
    "@pixi/utils" "5.2.4"

"@pixi/text-bitmap@5.2.4":
  version "5.2.4"
  resolved "https://registry.yarnpkg.com/@pixi/text-bitmap/-/text-bitmap-5.2.4.tgz#86c6791fde7b719b28380fea1450959cdce8c047"
  integrity sha512-D6XLAiVwE9NI4DWfmX4IEcfpt12ljUgRxXjXl1LM9mAVjWO2llbAvlT06w9QqJIOhncCs0QHM/ICxl22xE04hQ==
  dependencies:
    "@pixi/core" "5.2.4"
    "@pixi/display" "5.2.4"
    "@pixi/loaders" "5.2.4"
    "@pixi/math" "5.2.4"
    "@pixi/settings" "5.2.4"
    "@pixi/sprite" "5.2.4"
    "@pixi/utils" "5.2.4"

"@pixi/text@5.2.4":
  version "5.2.4"
  resolved "https://registry.yarnpkg.com/@pixi/text/-/text-5.2.4.tgz#c88a1b41f293706caafd5330f41b2c3af06dff25"
  integrity sha512-fxuqMuKZeiZYwCM8oJDN+wXCMt5kRWVOFDInXvUEdeR6rg369YAk3qJeSDIoPTxASJJLPJ5a7b87JsVibxxErg==
  dependencies:
    "@pixi/core" "5.2.4"
    "@pixi/math" "5.2.4"
    "@pixi/settings" "5.2.4"
    "@pixi/sprite" "5.2.4"
    "@pixi/utils" "5.2.4"

"@pixi/ticker@5.2.4":
  version "5.2.4"
  resolved "https://registry.yarnpkg.com/@pixi/ticker/-/ticker-5.2.4.tgz#e5905bb8372ac3128ed4abfd39d5b41d48baddb9"
  integrity sha512-xM7kN+zhnv/q8WNrQ/EJKzmJBrhLcE7HtKFP2v0R3x7N76fqZu6a87C5ioNqJ8rKTThZ8wDOQ2sCN0tlapRFyg==
  dependencies:
    "@pixi/settings" "5.2.4"

"@pixi/utils@5.2.4":
  version "5.2.4"
  resolved "https://registry.yarnpkg.com/@pixi/utils/-/utils-5.2.4.tgz#0e9d05c8b39a1d3c6e54ad0cbbb242c244094046"
  integrity sha512-n/HFBp5MJaF8vrGUbDcf6TuaUmEW07nv96Y0c6teHhnl942pg1XITogOugnU31sW81Z9ra1BG8D39zU4JU0oSA==
  dependencies:
    "@pixi/constants" "5.2.4"
    "@pixi/settings" "5.2.4"
    earcut "^2.1.5"
    eventemitter3 "^3.1.0"
    url "^0.11.0"

earcut@^2.1.5:
  version "2.2.2"
  resolved "https://registry.yarnpkg.com/earcut/-/earcut-2.2.2.tgz#41b0bc35f63e0fe80da7cddff28511e7e2e80d11"
  integrity sha512-eZoZPPJcUHnfRZ0PjLvx2qBordSiO8ofC3vt+qACLM95u+4DovnbYNpQtJh0DNsWj8RnxrQytD4WA8gj5cRIaQ==

es6-promise-polyfill@^1.2.0:
  version "1.2.0"
  resolved "https://registry.yarnpkg.com/es6-promise-polyfill/-/es6-promise-polyfill-1.2.0.tgz#f38925f23cb3e3e8ce6cda8ff774fcebbb090cde"
  integrity sha1-84kl8jyz4+jObNqP93T867sJDN4=

eventemitter3@^3.1.0:
  version "3.1.2"
  resolved "https://registry.yarnpkg.com/eventemitter3/-/eventemitter3-3.1.2.tgz#2d3d48f9c346698fce83a85d7d664e98535df6e7"
  integrity sha512-tvtQIeLVHjDkJYnzf2dgVMxfuSGJeM/7UCG17TT4EumTfNtF+0nebF/4zWOIkCreAbtNqhGEboB6BWrwqNaw4Q==

ismobilejs@^1.1.0:
  version "1.1.1"
  resolved "https://registry.yarnpkg.com/ismobilejs/-/ismobilejs-1.1.1.tgz#c56ca0ae8e52b24ca0f22ba5ef3215a2ddbbaa0e"
  integrity sha512-VaFW53yt8QO61k2WJui0dHf4SlL8lxBofUuUmwBo0ljPk0Drz2TiuDW4jo3wDcv41qy/SxrJ+VAzJ/qYqsmzRw==

"js-tokens@^3.0.0 || ^4.0.0":
  version "4.0.0"
  resolved "https://registry.yarnpkg.com/js-tokens/-/js-tokens-4.0.0.tgz#19203fb59991df98e3a287050d4647cdeaf32499"
  integrity sha512-RdJUflcE3cUzKiMqQgsCu06FPu9UdIJO0beYbPhHN4k6apgJtifcoCtT9bcxOpYBtpD2kCM6Sbzg4CausW/PKQ==

loose-envify@^1.1.0, loose-envify@^1.4.0:
  version "1.4.0"
  resolved "https://registry.yarnpkg.com/loose-envify/-/loose-envify-1.4.0.tgz#71ee51fa7be4caec1a63839f7e682d8132d30caf"
  integrity sha512-lyuxPGr/Wfhrlem2CL/UcnUc1zcqKAImBDzukY7Y5F/yQiNdko6+fRLevlw1HgMySw7f611UIY408EtxRSoK3Q==
  dependencies:
    js-tokens "^3.0.0 || ^4.0.0"

mini-signals@^1.2.0:
  version "1.2.0"
  resolved "https://registry.yarnpkg.com/mini-signals/-/mini-signals-1.2.0.tgz#45b08013c5fae51a24aa1a935cd317c9ed721d74"
  integrity sha1-RbCAE8X65RokqhqTXNMXye1yHXQ=

object-assign@^4.1.1:
  version "4.1.1"
  resolved "https://registry.yarnpkg.com/object-assign/-/object-assign-4.1.1.tgz#2109adc7965887cfc05cbbd442cac8bfbb360863"
  integrity sha1-IQmtx5ZYh8/AXLvUQsrIv7s2CGM=

parse-uri@^1.0.0:
  version "1.0.0"
  resolved "https://registry.yarnpkg.com/parse-uri/-/parse-uri-1.0.0.tgz#2872dcc22f1a797acde1583d8a0ac29552ddac20"
  integrity sha1-KHLcwi8aeXrN4Vg9igrClVLdrCA=

pixi.js@^5.2.4:
  version "5.2.4"
  resolved "https://registry.yarnpkg.com/pixi.js/-/pixi.js-5.2.4.tgz#272b172c44e3cb77f7a7851d252576e75b0a4c87"
  integrity sha512-QNmWPI1VscGleR2jUDiBlH9Lq8wh5mqi6K8RRUpW3O1xOXAKDTpD/TPA9EHzkYI9axag/AcChS7aiJVnwV2ytw==
  dependencies:
    "@pixi/accessibility" "5.2.4"
    "@pixi/app" "5.2.4"
    "@pixi/constants" "5.2.4"
    "@pixi/core" "5.2.4"
    "@pixi/display" "5.2.4"
    "@pixi/extract" "5.2.4"
    "@pixi/filter-alpha" "5.2.4"
    "@pixi/filter-blur" "5.2.4"
    "@pixi/filter-color-matrix" "5.2.4"
    "@pixi/filter-displacement" "5.2.4"
    "@pixi/filter-fxaa" "5.2.4"
    "@pixi/filter-noise" "5.2.4"
    "@pixi/graphics" "5.2.4"
    "@pixi/interaction" "5.2.4"
    "@pixi/loaders" "5.2.4"
    "@pixi/math" "5.2.4"
    "@pixi/mesh" "5.2.4"
    "@pixi/mesh-extras" "5.2.4"
    "@pixi/mixin-cache-as-bitmap" "5.2.4"
    "@pixi/mixin-get-child-by-name" "5.2.4"
    "@pixi/mixin-get-global-position" "5.2.4"
    "@pixi/particles" "5.2.4"
    "@pixi/polyfill" "5.2.4"
    "@pixi/prepare" "5.2.4"
    "@pixi/runner" "5.2.4"
    "@pixi/settings" "5.2.4"
    "@pixi/sprite" "5.2.4"
    "@pixi/sprite-animated" "5.2.4"
    "@pixi/sprite-tiling" "5.2.4"
    "@pixi/spritesheet" "5.2.4"
    "@pixi/text" "5.2.4"
    "@pixi/text-bitmap" "5.2.4"
    "@pixi/ticker" "5.2.4"
    "@pixi/utils" "5.2.4"

prop-types@^15.6.2:
  version "15.7.2"
  resolved "https://registry.yarnpkg.com/prop-types/-/prop-types-15.7.2.tgz#52c41e75b8c87e72b9d9360e0206b99dcbffa6c5"
  integrity sha512-8QQikdH7//R2vurIJSutZ1smHYTcLpRWEOlHnzcWHmBYrOGUysKwSsrC89BCiFj3CbrfJ/nXFdJepOVrY1GCHQ==
  dependencies:
    loose-envify "^1.4.0"
    object-assign "^4.1.1"
    react-is "^16.8.1"

punycode@1.3.2:
  version "1.3.2"
  resolved "https://registry.yarnpkg.com/punycode/-/punycode-1.3.2.tgz#9653a036fb7c1ee42342f2325cceefea3926c48d"
  integrity sha1-llOgNvt8HuQjQvIyXM7v6jkmxI0=

querystring@0.2.0:
  version "0.2.0"
  resolved "https://registry.yarnpkg.com/querystring/-/querystring-0.2.0.tgz#b209849203bb25df820da756e747005878521620"
  integrity sha1-sgmEkgO7Jd+CDadW50cAWHhSFiA=

react-is@^16.8.1:
  version "16.8.6"
  resolved "https://registry.yarnpkg.com/react-is/-/react-is-16.8.6.tgz#5bbc1e2d29141c9fbdfed456343fe2bc430a6a16"
  integrity sha512-aUk3bHfZ2bRSVFFbbeVS4i+lNPZr3/WM5jT2J5omUVV1zzcs1nAaf3l51ctA5FFvCRbhrH0bdAsRRQddFJZPtA==

react-reconciler@^0.24.0:
  version "0.24.0"
  resolved "https://registry.yarnpkg.com/react-reconciler/-/react-reconciler-0.24.0.tgz#5a396b2c2f5efe8554134a5935f49f546723f2dd"
  integrity sha512-gAGnwWkf+NOTig9oOowqid9O0HjTDC+XVGBCAmJYYJ2A2cN/O4gDdIuuUQjv8A4v6GDwVfJkagpBBLW5OW9HSw==
  dependencies:
    loose-envify "^1.1.0"
    object-assign "^4.1.1"
    prop-types "^15.6.2"
    scheduler "^0.18.0"

react@^16.12.0:
  version "16.12.0"
  resolved "https://registry.yarnpkg.com/react/-/react-16.12.0.tgz#0c0a9c6a142429e3614834d5a778e18aa78a0b83"
  integrity sha512-fglqy3k5E+81pA8s+7K0/T3DBCF0ZDOher1elBFzF7O6arXJgzyu/FW+COxFvAWXJoJN9KIZbT2LXlukwphYTA==
  dependencies:
    loose-envify "^1.1.0"
    object-assign "^4.1.1"
    prop-types "^15.6.2"

resource-loader@^3.0.1:
  version "3.0.1"
  resolved "https://registry.yarnpkg.com/resource-loader/-/resource-loader-3.0.1.tgz#33355bb5421e2994f59454bbc7f6dbff8df06d47"
  integrity sha512-fBuCRbEHdLCI1eglzQhUv9Rrdcmqkydr1r6uHE2cYHvRBrcLXeSmbE/qI/urFt8rPr/IGxir3BUwM5kUK8XoyA==
  dependencies:
    mini-signals "^1.2.0"
    parse-uri "^1.0.0"

scheduler@^0.18.0:
  version "0.18.0"
  resolved "https://registry.yarnpkg.com/scheduler/-/scheduler-0.18.0.tgz#5901ad6659bc1d8f3fdaf36eb7a67b0d6746b1c4"
  integrity sha512-agTSHR1Nbfi6ulI0kYNK0203joW2Y5W4po4l+v03tOoiJKpTBbxpNhWDvqc/4IcOw+KLmSiQLTasZ4cab2/UWQ==
  dependencies:
    loose-envify "^1.1.0"
    object-assign "^4.1.1"

url@^0.11.0:
  version "0.11.0"
  resolved "https://registry.yarnpkg.com/url/-/url-0.11.0.tgz#3838e97cfc60521eb73c525a8e55bfdd9e2e28f1"
  integrity sha1-ODjpfPxgUh63PFJajlW/3Z4uKPE=
  dependencies:
    punycode "1.3.2"
    querystring "0.2.0"
